
Microsoft Visual Studio Solution File, Format Version 12.00
# Visual Studio Version 17
VisualStudioVersion = 17.4.33213.308
MinimumVisualStudioVersion = 10.0.40219.1
Project("{FAE04EC0-301F-11D3-BF4B-00C04F79EFBC}") = "sumEqualNumbers", "sumEqualNumbers\sumEqualNumbers.csproj", "{88A0C45A-8000-4EAB-BF85-4188DA196F89}"
EndProject
Project("{FAE04EC0-301F-11D3-BF4B-00C04F79EFBC}") = "gaussTrick", "gaussTrick\gaussTrick.csproj", "{FDC94ABE-38EC-4A86-BF37-059BE861CDF0}"
EndProject
Project("{FAE04EC0-301F-11D3-BF4B-00C04F79EFBC}") = "studentList", "studentList\studentList.csproj", "{DF306F94-13BB-4373-B122-AFD5C7B3CF5F}"
EndProject
Project("{FAE04EC0-301F-11D3-BF4B-00C04F79EFBC}") = "Cars", "Cars\Cars.csproj", "{5D1486D9-DE2B-4843-A822-96B9A7D9488C}"
EndProject
Global
	GlobalSection(SolutionConfigurationPlatforms) = preSolution
		Debug|Any CPU = Debug|Any CPU
		Release|Any CPU = Release|Any CPU
	EndGlobalSection
	GlobalSection(ProjectConfigurationPlatforms) = postSolution
		{88A0C45A-8000-4EAB-BF85-4188DA196F89}.Debug|Any CPU.ActiveCfg = Debug|Any CPU
		{88A0C45A-8000-4EAB-BF85-4188DA196F89}.Debug|Any CPU.Build.0 = Debug|Any CPU
		{88A0C45A-8000-4EAB-BF85-4188DA196F89}.Release|Any CPU.ActiveCfg = Release|Any CPU
		{88A0C45A-8000-4EAB-BF85-4188DA196F89}.Release|Any CPU.Build.0 = Release|Any CPU
		{FDC94ABE-38EC-4A86-BF37-059BE861CDF0}.Debug|Any CPU.ActiveCfg = Debug|Any CPU
		{FDC94ABE-38EC-4A86-BF37-059BE861CDF0}.Debug|Any CPU.Build.0 = Debug|Any CPU
		{FDC94ABE-38EC-4A86-BF37-059BE861CDF0}.Release|Any CPU.ActiveCfg = Release|Any CPU
		{FDC94ABE-38EC-4A86-BF37-059BE861CDF0}.Release|Any CPU.Build.0 = Release|Any CPU
		{DF306F94-13BB-4373-B122-AFD5C7B3CF5F}.Debug|Any CPU.ActiveCfg = Debug|Any CPU
		{DF306F94-13BB-4373-B122-AFD5C7B3CF5F}.Debug|Any CPU.Build.0 = Debug|Any CPU
		{DF306F94-13BB-4373-B122-AFD5C7B3CF5F}.Release|Any CPU.ActiveCfg = Release|Any CPU
		{DF306F94-13BB-4373-B122-AFD5C7B3CF5F}.Release|Any CPU.Build.0 = Release|Any CPU
		{5D1486D9-DE2B-4843-A822-96B9A7D9488C}.Debug|Any CPU.ActiveCfg = Debug|Any CPU
		{5D1486D9-DE2B-4843-A822-96B9A7D9488C}.Debug|Any CPU.Build.0 = Debug|Any CPU
		{5D1486D9-DE2B-4843-A822-96B9A7D9488C}.Release|Any CPU.ActiveCfg = Release|Any CPU
		{5D1486D9-DE2B-4843-A822-96B9A7D9488C}.Release|Any CPU.Build.0 = Release|Any CPU
	EndGlobalSection
	GlobalSection(SolutionProperties) = preSolution
		HideSolutionNode = FALSE
	EndGlobalSection
	GlobalSection(ExtensibilityGlobals) = postSolution
		SolutionGuid = {6D285C47-B1CE-4A23-B307-75B62DE3A860}
	EndGlobalSection
EndGlobal
